# Stub F-Droid metadata for AlarmClock Deluxe (Wecker, Uhr, Timer, Stoppuhr).
# Submit a merge request to https://gitlab.com/fdroid/fdroiddata with this file
# placed at metadata/de.huttersoft.mightyalarmclock.yml (adjust Repo/Commits as needed).

Categories:
  - Alarm Clock
  - Clock
  - Stopwatch
  - Timer
License: GPL-3.0-only
AuthorName: HutterSoft
SourceCode: https://github.com/RapidAppCoder/mighty-alarm-clock
IssueTracker: https://github.com/RapidAppCoder/mighty-alarm-clock/issues

AutoName: AlarmClock Deluxe (Wecker, Uhr, Timer, Stoppuhr)
Name: AlarmClock Deluxe (Wecker, Uhr, Timer, Stoppuhr)

RepoType: git
Repo: https://github.com/RapidAppCoder/mighty-alarm-clock.git

Binaries: https://github.com/RapidAppCoder/mighty-alarm-clock/releases/download/%v/MightyAlarmClock_%v-release.apk
AllowedAPKSigningKeys: a4a2509ae7022d17168145ab7fa10d3c07bf102d78c4b417b6545f862a9d614a

Builds:
  - versionName: 2026.08.001
    versionCode: 202608001
    commit: 2026.08.001
    subdir: app
    gradle:
      - yes

AutoUpdateMode: Version
UpdateCheckMode: Tags ^[0-9]{4}\.[0-9]{2}\.[0-9]+$
CurrentVersion: 2026.08.001
CurrentVersionCode: 202608001
