# Stub F-Droid metadata for AlarmClock Deluxe (Wecker, Uhr, Timer, Stoppuhr).
# Submit a merge request to https://gitlab.com/fdroid/fdroiddata with this file
# placed at metadata/de.huttersoft.mightyalarmclock.yml (adjust Repo/Commits as needed).

Categories:
  - Time
License: GPL-3.0-only
AuthorName: HutterSoft
SourceCode: https://github.com/REPLACE_ME/mighty-alarm-clock
IssueTracker: https://github.com/REPLACE_ME/mighty-alarm-clock/issues

AutoName: AlarmClock Deluxe (Wecker, Uhr, Timer, Stoppuhr)
Name: AlarmClock Deluxe (Wecker, Uhr, Timer, Stoppuhr)

RepoType: git
Repo: https://github.com/REPLACE_ME/mighty-alarm-clock

Builds:
  - versionName: 2026.08.001
    versionCode: 202608001
    commit: REPLACE_WITH_TAG_OR_COMMIT
    subdir: app
    gradle:
      - yes

AutoUpdateMode: Version
UpdateCheckMode: Tags
CurrentVersion: 2026.08.001
CurrentVersionCode: 202608001
